
Microsoft Visual Studio Solution File, Format Version 12.00
# Visual Studio Version 17
VisualStudioVersion = 17.8.34330.188
MinimumVisualStudioVersion = 10.0.40219.1
Project("{9A19103F-16F7-4668-BE54-9A1E7A4F7556}") = "Desola.Functions.Endpoints", "Desola.Functions.Endpoints\Desola.Functions.Endpoints.csproj", "{8BD1C568-8AF1-4544-883C-2EEA428E617B}"
EndProject
Project("{2150E333-8FDC-42A3-9474-1A3956D46DE8}") = "Infrastructure", "Infrastructure", "{1D35590D-4E46-4597-8937-F3EC185650B1}"
EndProject
Project("{2150E333-8FDC-42A3-9474-1A3956D46DE8}") = "Application", "Application", "{2ABD37F9-3742-4840-8654-B02B5F9B3F5F}"
EndProject
Project("{2150E333-8FDC-42A3-9474-1A3956D46DE8}") = "Core", "Core", "{64E26956-0C78-409D-8AAB-87F9EF37D699}"
EndProject
Project("{9A19103F-16F7-4668-BE54-9A1E7A4F7556}") = "DesolaDomain", "DesolaDomain\DesolaDomain.csproj", "{E90B9BFC-2734-42FB-9077-7318E3DF4302}"
EndProject
Project("{9A19103F-16F7-4668-BE54-9A1E7A4F7556}") = "DesolaInfrastructure", "DesolaInfrastructure\DesolaInfrastructure.csproj", "{8161FB04-DEB3-48C0-961A-D5D345963EFB}"
EndProject
Project("{FAE04EC0-301F-11D3-BF4B-00C04F79EFBC}") = "DesolaServices", "DesolaServices\DesolaServices.csproj", "{92F83564-8FC0-4355-8413-1FF80ABCD07A}"
EndProject
Global
	GlobalSection(SolutionConfigurationPlatforms) = preSolution
		Debug|Any CPU = Debug|Any CPU
		Release|Any CPU = Release|Any CPU
	EndGlobalSection
	GlobalSection(ProjectConfigurationPlatforms) = postSolution
		{8BD1C568-8AF1-4544-883C-2EEA428E617B}.Debug|Any CPU.ActiveCfg = Debug|Any CPU
		{8BD1C568-8AF1-4544-883C-2EEA428E617B}.Debug|Any CPU.Build.0 = Debug|Any CPU
		{8BD1C568-8AF1-4544-883C-2EEA428E617B}.Release|Any CPU.ActiveCfg = Release|Any CPU
		{8BD1C568-8AF1-4544-883C-2EEA428E617B}.Release|Any CPU.Build.0 = Release|Any CPU
		{E90B9BFC-2734-42FB-9077-7318E3DF4302}.Debug|Any CPU.ActiveCfg = Debug|Any CPU
		{E90B9BFC-2734-42FB-9077-7318E3DF4302}.Debug|Any CPU.Build.0 = Debug|Any CPU
		{E90B9BFC-2734-42FB-9077-7318E3DF4302}.Release|Any CPU.ActiveCfg = Release|Any CPU
		{E90B9BFC-2734-42FB-9077-7318E3DF4302}.Release|Any CPU.Build.0 = Release|Any CPU
		{8161FB04-DEB3-48C0-961A-D5D345963EFB}.Debug|Any CPU.ActiveCfg = Debug|Any CPU
		{8161FB04-DEB3-48C0-961A-D5D345963EFB}.Debug|Any CPU.Build.0 = Debug|Any CPU
		{8161FB04-DEB3-48C0-961A-D5D345963EFB}.Release|Any CPU.ActiveCfg = Release|Any CPU
		{8161FB04-DEB3-48C0-961A-D5D345963EFB}.Release|Any CPU.Build.0 = Release|Any CPU
		{92F83564-8FC0-4355-8413-1FF80ABCD07A}.Debug|Any CPU.ActiveCfg = Debug|Any CPU
		{92F83564-8FC0-4355-8413-1FF80ABCD07A}.Debug|Any CPU.Build.0 = Debug|Any CPU
		{92F83564-8FC0-4355-8413-1FF80ABCD07A}.Release|Any CPU.ActiveCfg = Release|Any CPU
		{92F83564-8FC0-4355-8413-1FF80ABCD07A}.Release|Any CPU.Build.0 = Release|Any CPU
	EndGlobalSection
	GlobalSection(SolutionProperties) = preSolution
		HideSolutionNode = FALSE
	EndGlobalSection
	GlobalSection(NestedProjects) = preSolution
		{E90B9BFC-2734-42FB-9077-7318E3DF4302} = {64E26956-0C78-409D-8AAB-87F9EF37D699}
		{8161FB04-DEB3-48C0-961A-D5D345963EFB} = {1D35590D-4E46-4597-8937-F3EC185650B1}
		{92F83564-8FC0-4355-8413-1FF80ABCD07A} = {2ABD37F9-3742-4840-8654-B02B5F9B3F5F}
	EndGlobalSection
	GlobalSection(ExtensibilityGlobals) = postSolution
		SolutionGuid = {87B2535C-63B0-496E-8E08-A54F0465BF8E}
	EndGlobalSection
EndGlobal
